{
  "name": "fundamental",
  "version": "1.0.0",
  "lockfileVersion": 2,
  "requires": true,
  "packages": {
    "": {
      "version": "1.0.0",
      "license": "ISC",
      "dependencies": {
        "redux": "^4.1.2",
        "reselect": "^4.1.5"
      }
    },
    "node_modules/@babel/runtime": {
      "version": "7.16.5",
      "resolved": "https://artifactory.dowjones.io:443/artifactory/api/npm/npm-virtual/@babel/runtime/-/runtime-7.16.5.tgz",
      "integrity": "sha1-fz40v4vbut8D+7ex6g2SlWnJSHo=",
      "dependencies": {
        "regenerator-runtime": "^0.13.4"
      },
      "engines": {
        "node": ">=6.9.0"
      }
    },
    "node_modules/redux": {
      "version": "4.1.2",
      "resolved": "https://artifactory.dowjones.io:443/artifactory/api/npm/npm-virtual/redux/-/redux-4.1.2.tgz",
      "integrity": "sha1-FA81Qm2Zu0cpr3YK/PeeqqxAcQQ=",
      "dependencies": {
        "@babel/runtime": "^7.9.2"
      }
    },
    "node_modules/regenerator-runtime": {
      "version": "0.13.9",
      "resolved": "https://artifactory.dowjones.io:443/artifactory/api/npm/npm-virtual/regenerator-runtime/-/regenerator-runtime-0.13.9.tgz",
      "integrity": "sha1-iSV0Kpj/2QgUmI11Zq0wyjsmO1I="
    },
    "node_modules/reselect": {
      "version": "4.1.5",
      "resolved": "https://artifactory.dowjones.io:443/artifactory/api/npm/npm-virtual/reselect/-/reselect-4.1.5.tgz",
      "integrity": "sha1-hSw2EkcZjaZ1bQfZKWwrUe3befY="
    }
  },
  "dependencies": {
    "@babel/runtime": {
      "version": "7.16.5",
      "resolved": "https://artifactory.dowjones.io:443/artifactory/api/npm/npm-virtual/@babel/runtime/-/runtime-7.16.5.tgz",
      "integrity": "sha1-fz40v4vbut8D+7ex6g2SlWnJSHo=",
      "requires": {
        "regenerator-runtime": "^0.13.4"
      }
    },
    "redux": {
      "version": "4.1.2",
      "resolved": "https://artifactory.dowjones.io:443/artifactory/api/npm/npm-virtual/redux/-/redux-4.1.2.tgz",
      "integrity": "sha1-FA81Qm2Zu0cpr3YK/PeeqqxAcQQ=",
      "requires": {
        "@babel/runtime": "^7.9.2"
      }
    },
    "regenerator-runtime": {
      "version": "0.13.9",
      "resolved": "https://artifactory.dowjones.io:443/artifactory/api/npm/npm-virtual/regenerator-runtime/-/regenerator-runtime-0.13.9.tgz",
      "integrity": "sha1-iSV0Kpj/2QgUmI11Zq0wyjsmO1I="
    },
    "reselect": {
      "version": "4.1.5",
      "resolved": "https://artifactory.dowjones.io:443/artifactory/api/npm/npm-virtual/reselect/-/reselect-4.1.5.tgz",
      "integrity": "sha1-hSw2EkcZjaZ1bQfZKWwrUe3befY="
    }
  }
}
